
Microsoft Visual Studio Solution File, Format Version 12.00
# Visual Studio Version 16
VisualStudioVersion = 16.0.30611.23
MinimumVisualStudioVersion = 10.0.40219.1
Project("{8BC9CEB8-8B4A-11D0-8D11-00A0C91BC942}") = "neuralXOR", "neuralXOR.vcxproj", "{DA7FA525-B47C-4D79-9472-012E21FD7551}"
EndProject
Global
	GlobalSection(SolutionConfigurationPlatforms) = preSolution
		Debug|x64 = Debug|x64
		Debug|x86 = Debug|x86
		Release|x64 = Release|x64
		Release|x86 = Release|x86
	EndGlobalSection
	GlobalSection(ProjectConfigurationPlatforms) = postSolution
		{DA7FA525-B47C-4D79-9472-012E21FD7551}.Debug|x64.ActiveCfg = Debug|x64
		{DA7FA525-B47C-4D79-9472-012E21FD7551}.Debug|x64.Build.0 = Debug|x64
		{DA7FA525-B47C-4D79-9472-012E21FD7551}.Debug|x86.ActiveCfg = Debug|Win32
		{DA7FA525-B47C-4D79-9472-012E21FD7551}.Debug|x86.Build.0 = Debug|Win32
		{DA7FA525-B47C-4D79-9472-012E21FD7551}.Release|x64.ActiveCfg = Release|x64
		{DA7FA525-B47C-4D79-9472-012E21FD7551}.Release|x64.Build.0 = Release|x64
		{DA7FA525-B47C-4D79-9472-012E21FD7551}.Release|x86.ActiveCfg = Release|Win32
		{DA7FA525-B47C-4D79-9472-012E21FD7551}.Release|x86.Build.0 = Release|Win32
	EndGlobalSection
	GlobalSection(SolutionProperties) = preSolution
		HideSolutionNode = FALSE
	EndGlobalSection
	GlobalSection(ExtensibilityGlobals) = postSolution
		SolutionGuid = {78D370AE-80AB-435E-900F-299916090B4C}
	EndGlobalSection
EndGlobal
